
Microsoft Visual Studio Solution File, Format Version 12.00
# Visual Studio Version 17
VisualStudioVersion = 17.4.33205.214
MinimumVisualStudioVersion = 10.0.40219.1
Project("{FAE04EC0-301F-11D3-BF4B-00C04F79EFBC}") = "EvTapshirigi9", "EvTapshirigi9\EvTapshirigi9.csproj", "{EB1AB4CF-5C4C-4753-8C33-FEF7BB0D7246}"
EndProject
Global
	GlobalSection(SolutionConfigurationPlatforms) = preSolution
		Debug|Any CPU = Debug|Any CPU
		Release|Any CPU = Release|Any CPU
	EndGlobalSection
	GlobalSection(ProjectConfigurationPlatforms) = postSolution
		{EB1AB4CF-5C4C-4753-8C33-FEF7BB0D7246}.Debug|Any CPU.ActiveCfg = Debug|Any CPU
		{EB1AB4CF-5C4C-4753-8C33-FEF7BB0D7246}.Debug|Any CPU.Build.0 = Debug|Any CPU
		{EB1AB4CF-5C4C-4753-8C33-FEF7BB0D7246}.Release|Any CPU.ActiveCfg = Release|Any CPU
		{EB1AB4CF-5C4C-4753-8C33-FEF7BB0D7246}.Release|Any CPU.Build.0 = Release|Any CPU
	EndGlobalSection
	GlobalSection(SolutionProperties) = preSolution
		HideSolutionNode = FALSE
	EndGlobalSection
	GlobalSection(ExtensibilityGlobals) = postSolution
		SolutionGuid = {BFF9D4F7-75D7-4AAB-A99B-1DBEF7DED77C}
	EndGlobalSection
EndGlobal
